// !$*UTF8*$!
{
	archiveVersion = 1;
	classes = {
	};
	objectVersion = 56;
	objects = {

/* Begin PBXBuildFile section */
		019E2F082A1E8C39005A8021 /* AppDelegate.swift in Sources */ = {isa = PBXBuildFile; fileRef = 019E2F072A1E8C39005A8021 /* AppDelegate.swift */; };
		019E2F0A2A1E8C39005A8021 /* SceneDelegate.swift in Sources */ = {isa = PBXBuildFile; fileRef = 019E2F092A1E8C39005A8021 /* SceneDelegate.swift */; };
		019E2F0C2A1E8C39005A8021 /* ViewController.swift in Sources */ = {isa = PBXBuildFile; fileRef = 019E2F0B2A1E8C39005A8021 /* ViewController.swift */; };
		019E2F0F2A1E8C39005A8021 /* Main.storyboard in Resources */ = {isa = PBXBuildFile; fileRef = 019E2F0D2A1E8C39005A8021 /* Main.storyboard */; };
		019E2F112A1E8C3B005A8021 /* Assets.xcassets in Resources */ = {isa = PBXBuildFile; fileRef = 019E2F102A1E8C3B005A8021 /* Assets.xcassets */; };
		019E2F142A1E8C3B005A8021 /* LaunchScreen.storyboard in Resources */ = {isa = PBXBuildFile; fileRef = 019E2F122A1E8C3B005A8021 /* LaunchScreen.storyboard */; };
		019E2F222A1E8EFC005A8021 /* KeyboardViewController.swift in Sources */ = {isa = PBXBuildFile; fileRef = 019E2F212A1E8EFC005A8021 /* KeyboardViewController.swift */; };
		019E2F262A1E8EFC005A8021 /* RightTyped-Keyboard.appex in Embed Foundation Extensions */ = {isa = PBXBuildFile; fileRef = 019E2F1F2A1E8EFC005A8021 /* RightTyped-Keyboard.appex */; settings = {ATTRIBUTES = (RemoveHeadersOnCopy, ); }; };
		019E2F2E2A1E8F47005A8021 /* bulent-yuksel-trakya-rounded-300-light.otf in Resources */ = {isa = PBXBuildFile; fileRef = 019E2F2C2A1E8F47005A8021 /* bulent-yuksel-trakya-rounded-300-light.otf */; };
		019E2F2F2A1E8F47005A8021 /* bulent-yuksel-trakya-rounded-300-light.otf in Resources */ = {isa = PBXBuildFile; fileRef = 019E2F2C2A1E8F47005A8021 /* bulent-yuksel-trakya-rounded-300-light.otf */; };
		019E2F302A1E8F47005A8021 /* bulent-yuksel-trakya-rounded-alt-300-light.otf in Resources */ = {isa = PBXBuildFile; fileRef = 019E2F2D2A1E8F47005A8021 /* bulent-yuksel-trakya-rounded-alt-300-light.otf */; };
		019E2F312A1E8F47005A8021 /* bulent-yuksel-trakya-rounded-alt-300-light.otf in Resources */ = {isa = PBXBuildFile; fileRef = 019E2F2D2A1E8F47005A8021 /* bulent-yuksel-trakya-rounded-alt-300-light.otf */; };
/* End PBXBuildFile section */

/* Begin PBXContainerItemProxy section */
		019E2F242A1E8EFC005A8021 /* PBXContainerItemProxy */ = {
			isa = PBXContainerItemProxy;
			containerPortal = 019E2EFC2A1E8C39005A8021 /* Project object */;
			proxyType = 1;
			remoteGlobalIDString = 019E2F1E2A1E8EFC005A8021;
			remoteInfo = "RightTyped-Keyboard";
		};
/* End PBXContainerItemProxy section */

/* Begin PBXCopyFilesBuildPhase section */
		019E2F272A1E8EFC005A8021 /* Embed Foundation Extensions */ = {
			isa = PBXCopyFilesBuildPhase;
			buildActionMask = 2147483647;
			dstPath = "";
			dstSubfolderSpec = 13;
			files = (
				019E2F262A1E8EFC005A8021 /* RightTyped-Keyboard.appex in Embed Foundation Extensions */,
			);
			name = "Embed Foundation Extensions";
			runOnlyForDeploymentPostprocessing = 0;
		};
/* End PBXCopyFilesBuildPhase section */

/* Begin PBXFileReference section */
		019E2F042A1E8C39005A8021 /* RightTyped.app */ = {isa = PBXFileReference; explicitFileType = wrapper.application; includeInIndex = 0; path = RightTyped.app; sourceTree = BUILT_PRODUCTS_DIR; };
		019E2F072A1E8C39005A8021 /* AppDelegate.swift */ = {isa = PBXFileReference; lastKnownFileType = sourcecode.swift; path = AppDelegate.swift; sourceTree = "<group>"; };
		019E2F092A1E8C39005A8021 /* SceneDelegate.swift */ = {isa = PBXFileReference; lastKnownFileType = sourcecode.swift; path = SceneDelegate.swift; sourceTree = "<group>"; };
		019E2F0B2A1E8C39005A8021 /* ViewController.swift */ = {isa = PBXFileReference; lastKnownFileType = sourcecode.swift; path = ViewController.swift; sourceTree = "<group>"; };
		019E2F0E2A1E8C39005A8021 /* Base */ = {isa = PBXFileReference; lastKnownFileType = file.storyboard; name = Base; path = Base.lproj/Main.storyboard; sourceTree = "<group>"; };
		019E2F102A1E8C3B005A8021 /* Assets.xcassets */ = {isa = PBXFileReference; lastKnownFileType = folder.assetcatalog; path = Assets.xcassets; sourceTree = "<group>"; };
		019E2F132A1E8C3B005A8021 /* Base */ = {isa = PBXFileReference; lastKnownFileType = file.storyboard; name = Base; path = Base.lproj/LaunchScreen.storyboard; sourceTree = "<group>"; };
		019E2F152A1E8C3B005A8021 /* Info.plist */ = {isa = PBXFileReference; lastKnownFileType = text.plist.xml; path = Info.plist; sourceTree = "<group>"; };
		019E2F1F2A1E8EFC005A8021 /* RightTyped-Keyboard.appex */ = {isa = PBXFileReference; explicitFileType = "wrapper.app-extension"; includeInIndex = 0; path = "RightTyped-Keyboard.appex"; sourceTree = BUILT_PRODUCTS_DIR; };
		019E2F212A1E8EFC005A8021 /* KeyboardViewController.swift */ = {isa = PBXFileReference; lastKnownFileType = sourcecode.swift; path = KeyboardViewController.swift; sourceTree = "<group>"; };
		019E2F232A1E8EFC005A8021 /* Info.plist */ = {isa = PBXFileReference; lastKnownFileType = text.plist.xml; path = Info.plist; sourceTree = "<group>"; };
		019E2F2C2A1E8F47005A8021 /* bulent-yuksel-trakya-rounded-300-light.otf */ = {isa = PBXFileReference; lastKnownFileType = file; path = "bulent-yuksel-trakya-rounded-300-light.otf"; sourceTree = "<group>"; };
		019E2F2D2A1E8F47005A8021 /* bulent-yuksel-trakya-rounded-alt-300-light.otf */ = {isa = PBXFileReference; lastKnownFileType = file; path = "bulent-yuksel-trakya-rounded-alt-300-light.otf"; sourceTree = "<group>"; };
/* End PBXFileReference section */

/* Begin PBXFrameworksBuildPhase section */
		019E2F012A1E8C39005A8021 /* Frameworks */ = {
			isa = PBXFrameworksBuildPhase;
			buildActionMask = 2147483647;
			files = (
			);
			runOnlyForDeploymentPostprocessing = 0;
		};
		019E2F1C2A1E8EFC005A8021 /* Frameworks */ = {
			isa = PBXFrameworksBuildPhase;
			buildActionMask = 2147483647;
			files = (
			);
			runOnlyForDeploymentPostprocessing = 0;
		};
/* End PBXFrameworksBuildPhase section */

/* Begin PBXGroup section */
		019E2EFB2A1E8C39005A8021 = {
			isa = PBXGroup;
			children = (
				019E2F062A1E8C39005A8021 /* RightTyped */,
				019E2F202A1E8EFC005A8021 /* RightTyped-Keyboard */,
				019E2F052A1E8C39005A8021 /* Products */,
			);
			sourceTree = "<group>";
		};
		019E2F052A1E8C39005A8021 /* Products */ = {
			isa = PBXGroup;
			children = (
				019E2F042A1E8C39005A8021 /* RightTyped.app */,
				019E2F1F2A1E8EFC005A8021 /* RightTyped-Keyboard.appex */,
			);
			name = Products;
			sourceTree = "<group>";
		};
		019E2F062A1E8C39005A8021 /* RightTyped */ = {
			isa = PBXGroup;
			children = (
				019E2F2B2A1E8F31005A8021 /* Fonts */,
				019E2F072A1E8C39005A8021 /* AppDelegate.swift */,
				019E2F092A1E8C39005A8021 /* SceneDelegate.swift */,
				019E2F0B2A1E8C39005A8021 /* ViewController.swift */,
				019E2F0D2A1E8C39005A8021 /* Main.storyboard */,
				019E2F102A1E8C3B005A8021 /* Assets.xcassets */,
				019E2F122A1E8C3B005A8021 /* LaunchScreen.storyboard */,
				019E2F152A1E8C3B005A8021 /* Info.plist */,
			);
			path = RightTyped;
			sourceTree = "<group>";
		};
		019E2F202A1E8EFC005A8021 /* RightTyped-Keyboard */ = {
			isa = PBXGroup;
			children = (
				019E2F212A1E8EFC005A8021 /* KeyboardViewController.swift */,
				019E2F232A1E8EFC005A8021 /* Info.plist */,
			);
			path = "RightTyped-Keyboard";
			sourceTree = "<group>";
		};
		019E2F2B2A1E8F31005A8021 /* Fonts */ = {
			isa = PBXGroup;
			children = (
				019E2F2C2A1E8F47005A8021 /* bulent-yuksel-trakya-rounded-300-light.otf */,
				019E2F2D2A1E8F47005A8021 /* bulent-yuksel-trakya-rounded-alt-300-light.otf */,
			);
			path = Fonts;
			sourceTree = "<group>";
		};
/* End PBXGroup section */

/* Begin PBXNativeTarget section */
		019E2F032A1E8C39005A8021 /* RightTyped */ = {
			isa = PBXNativeTarget;
			buildConfigurationList = 019E2F182A1E8C3B005A8021 /* Build configuration list for PBXNativeTarget "RightTyped" */;
			buildPhases = (
				019E2F002A1E8C39005A8021 /* Sources */,
				019E2F012A1E8C39005A8021 /* Frameworks */,
				019E2F022A1E8C39005A8021 /* Resources */,
				019E2F272A1E8EFC005A8021 /* Embed Foundation Extensions */,
			);
			buildRules = (
			);
			dependencies = (
				019E2F252A1E8EFC005A8021 /* PBXTargetDependency */,
			);
			name = RightTyped;
			productName = RightTyped;
			productReference = 019E2F042A1E8C39005A8021 /* RightTyped.app */;
			productType = "com.apple.product-type.application";
		};
		019E2F1E2A1E8EFC005A8021 /* RightTyped-Keyboard */ = {
			isa = PBXNativeTarget;
			buildConfigurationList = 019E2F2A2A1E8EFC005A8021 /* Build configuration list for PBXNativeTarget "RightTyped-Keyboard" */;
			buildPhases = (
				019E2F1B2A1E8EFC005A8021 /* Sources */,
				019E2F1C2A1E8EFC005A8021 /* Frameworks */,
				019E2F1D2A1E8EFC005A8021 /* Resources */,
			);
			buildRules = (
			);
			dependencies = (
			);
			name = "RightTyped-Keyboard";
			productName = "RightTyped-Keyboard";
			productReference = 019E2F1F2A1E8EFC005A8021 /* RightTyped-Keyboard.appex */;
			productType = "com.apple.product-type.app-extension";
		};
/* End PBXNativeTarget section */

/* Begin PBXProject section */
		019E2EFC2A1E8C39005A8021 /* Project object */ = {
			isa = PBXProject;
			attributes = {
				BuildIndependentTargetsInParallel = 1;
				LastSwiftUpdateCheck = 1430;
				LastUpgradeCheck = 1430;
				TargetAttributes = {
					019E2F032A1E8C39005A8021 = {
						CreatedOnToolsVersion = 14.3;
					};
					019E2F1E2A1E8EFC005A8021 = {
						CreatedOnToolsVersion = 14.3;
					};
				};
			};
			buildConfigurationList = 019E2EFF2A1E8C39005A8021 /* Build configuration list for PBXProject "RightTyped" */;
			compatibilityVersion = "Xcode 14.0";
			developmentRegion = en;
			hasScannedForEncodings = 0;
			knownRegions = (
				en,
				Base,
			);
			mainGroup = 019E2EFB2A1E8C39005A8021;
			productRefGroup = 019E2F052A1E8C39005A8021 /* Products */;
			projectDirPath = "";
			projectRoot = "";
			targets = (
				019E2F032A1E8C39005A8021 /* RightTyped */,
				019E2F1E2A1E8EFC005A8021 /* RightTyped-Keyboard */,
			);
		};
/* End PBXProject section */

/* Begin PBXResourcesBuildPhase section */
		019E2F022A1E8C39005A8021 /* Resources */ = {
			isa = PBXResourcesBuildPhase;
			buildActionMask = 2147483647;
			files = (
				019E2F142A1E8C3B005A8021 /* LaunchScreen.storyboard in Resources */,
				019E2F2E2A1E8F47005A8021 /* bulent-yuksel-trakya-rounded-300-light.otf in Resources */,
				019E2F302A1E8F47005A8021 /* bulent-yuksel-trakya-rounded-alt-300-light.otf in Resources */,
				019E2F112A1E8C3B005A8021 /* Assets.xcassets in Resources */,
				019E2F0F2A1E8C39005A8021 /* Main.storyboard in Resources */,
			);
			runOnlyForDeploymentPostprocessing = 0;
		};
		019E2F1D2A1E8EFC005A8021 /* Resources */ = {
			isa = PBXResourcesBuildPhase;
			buildActionMask = 2147483647;
			files = (
				019E2F2F2A1E8F47005A8021 /* bulent-yuksel-trakya-rounded-300-light.otf in Resources */,
				019E2F312A1E8F47005A8021 /* bulent-yuksel-trakya-rounded-alt-300-light.otf in Resources */,
			);
			runOnlyForDeploymentPostprocessing = 0;
		};
/* End PBXResourcesBuildPhase section */

/* Begin PBXSourcesBuildPhase section */
		019E2F002A1E8C39005A8021 /* Sources */ = {
			isa = PBXSourcesBuildPhase;
			buildActionMask = 2147483647;
			files = (
				019E2F0C2A1E8C39005A8021 /* ViewController.swift in Sources */,
				019E2F082A1E8C39005A8021 /* AppDelegate.swift in Sources */,
				019E2F0A2A1E8C39005A8021 /* SceneDelegate.swift in Sources */,
			);
			runOnlyForDeploymentPostprocessing = 0;
		};
		019E2F1B2A1E8EFC005A8021 /* Sources */ = {
			isa = PBXSourcesBuildPhase;
			buildActionMask = 2147483647;
			files = (
				019E2F222A1E8EFC005A8021 /* KeyboardViewController.swift in Sources */,
			);
			runOnlyForDeploymentPostprocessing = 0;
		};
/* End PBXSourcesBuildPhase section */

/* Begin PBXTargetDependency section */
		019E2F252A1E8EFC005A8021 /* PBXTargetDependency */ = {
			isa = PBXTargetDependency;
			target = 019E2F1E2A1E8EFC005A8021 /* RightTyped-Keyboard */;
			targetProxy = 019E2F242A1E8EFC005A8021 /* PBXContainerItemProxy */;
		};
/* End PBXTargetDependency section */

/* Begin PBXVariantGroup section */
		019E2F0D2A1E8C39005A8021 /* Main.storyboard */ = {
			isa = PBXVariantGroup;
			children = (
				019E2F0E2A1E8C39005A8021 /* Base */,
			);
			name = Main.storyboard;
			sourceTree = "<group>";
		};
		019E2F122A1E8C3B005A8021 /* LaunchScreen.storyboard */ = {
			isa = PBXVariantGroup;
			children = (
				019E2F132A1E8C3B005A8021 /* Base */,
			);
			name = LaunchScreen.storyboard;
			sourceTree = "<group>";
		};
/* End PBXVariantGroup section */

/* Begin XCBuildConfiguration section */
		019E2F162A1E8C3B005A8021 /* Debug */ = {
			isa = XCBuildConfiguration;
			buildSettings = {
				ALWAYS_SEARCH_USER_PATHS = NO;
				CLANG_ANALYZER_NONNULL = YES;
				CLANG_ANALYZER_NUMBER_OBJECT_CONVERSION = YES_AGGRESSIVE;
				CLANG_CXX_LANGUAGE_STANDARD = "gnu++20";
				CLANG_ENABLE_MODULES = YES;
				CLANG_ENABLE_OBJC_ARC = YES;
				CLANG_ENABLE_OBJC_WEAK = YES;
				CLANG_WARN_BLOCK_CAPTURE_AUTORELEASING = YES;
				CLANG_WARN_BOOL_CONVERSION = YES;
				CLANG_WARN_COMMA = YES;
				CLANG_WARN_CONSTANT_CONVERSION = YES;
				CLANG_WARN_DEPRECATED_OBJC_IMPLEMENTATIONS = YES;
				CLANG_WARN_DIRECT_OBJC_ISA_USAGE = YES_ERROR;
				CLANG_WARN_DOCUMENTATION_COMMENTS = YES;
				CLANG_WARN_EMPTY_BODY = YES;
				CLANG_WARN_ENUM_CONVERSION = YES;
				CLANG_WARN_INFINITE_RECURSION = YES;
				CLANG_WARN_INT_CONVERSION = YES;
				CLANG_WARN_NON_LITERAL_NULL_CONVERSION = YES;
				CLANG_WARN_OBJC_IMPLICIT_RETAIN_SELF = YES;
				CLANG_WARN_OBJC_LITERAL_CONVERSION = YES;
				CLANG_WARN_OBJC_ROOT_CLASS = YES_ERROR;
				CLANG_WARN_QUOTED_INCLUDE_IN_FRAMEWORK_HEADER = YES;
				CLANG_WARN_RANGE_LOOP_ANALYSIS = YES;
				CLANG_WARN_STRICT_PROTOTYPES = YES;
				CLANG_WARN_SUSPICIOUS_MOVE = YES;
				CLANG_WARN_UNGUARDED_AVAILABILITY = YES_AGGRESSIVE;
				CLANG_WARN_UNREACHABLE_CODE = YES;
				CLANG_WARN__DUPLICATE_METHOD_MATCH = YES;
				COPY_PHASE_STRIP = NO;
				DEBUG_INFORMATION_FORMAT = dwarf;
				ENABLE_STRICT_OBJC_MSGSEND = YES;
				ENABLE_TESTABILITY = YES;
				GCC_C_LANGUAGE_STANDARD = gnu11;
				GCC_DYNAMIC_NO_PIC = NO;
				GCC_NO_COMMON_BLOCKS = YES;
				GCC_OPTIMIZATION_LEVEL = 0;
				GCC_PREPROCESSOR_DEFINITIONS = (
					"DEBUG=1",
					"$(inherited)",
				);
				GCC_WARN_64_TO_32_BIT_CONVERSION = YES;
				GCC_WARN_ABOUT_RETURN_TYPE = YES_ERROR;
				GCC_WARN_UNDECLARED_SELECTOR = YES;
				GCC_WARN_UNINITIALIZED_AUTOS = YES_AGGRESSIVE;
				GCC_WARN_UNUSED_FUNCTION = YES;
				GCC_WARN_UNUSED_VARIABLE = YES;
				IPHONEOS_DEPLOYMENT_TARGET = 16.4;
				MTL_ENABLE_DEBUG_INFO = INCLUDE_SOURCE;
				MTL_FAST_MATH = YES;
				ONLY_ACTIVE_ARCH = YES;
				SDKROOT = iphoneos;
				SWIFT_ACTIVE_COMPILATION_CONDITIONS = DEBUG;
				SWIFT_OPTIMIZATION_LEVEL = "-Onone";
			};
			name = Debug;
		};
		019E2F172A1E8C3B005A8021 /* Release */ = {
			isa = XCBuildConfiguration;
			buildSettings = {
				ALWAYS_SEARCH_USER_PATHS = NO;
				CLANG_ANALYZER_NONNULL = YES;
				CLANG_ANALYZER_NUMBER_OBJECT_CONVERSION = YES_AGGRESSIVE;
				CLANG_CXX_LANGUAGE_STANDARD = "gnu++20";
				CLANG_ENABLE_MODULES = YES;
				CLANG_ENABLE_OBJC_ARC = YES;
				CLANG_ENABLE_OBJC_WEAK = YES;
				CLANG_WARN_BLOCK_CAPTURE_AUTORELEASING = YES;
				CLANG_WARN_BOOL_CONVERSION = YES;
				CLANG_WARN_COMMA = YES;
				CLANG_WARN_CONSTANT_CONVERSION = YES;
				CLANG_WARN_DEPRECATED_OBJC_IMPLEMENTATIONS = YES;
				CLANG_WARN_DIRECT_OBJC_ISA_USAGE = YES_ERROR;
				CLANG_WARN_DOCUMENTATION_COMMENTS = YES;
				CLANG_WARN_EMPTY_BODY = YES;
				CLANG_WARN_ENUM_CONVERSION = YES;
				CLANG_WARN_INFINITE_RECURSION = YES;
				CLANG_WARN_INT_CONVERSION = YES;
				CLANG_WARN_NON_LITERAL_NULL_CONVERSION = YES;
				CLANG_WARN_OBJC_IMPLICIT_RETAIN_SELF = YES;
				CLANG_WARN_OBJC_LITERAL_CONVERSION = YES;
				CLANG_WARN_OBJC_ROOT_CLASS = YES_ERROR;
				CLANG_WARN_QUOTED_INCLUDE_IN_FRAMEWORK_HEADER = YES;
				CLANG_WARN_RANGE_LOOP_ANALYSIS = YES;
				CLANG_WARN_STRICT_PROTOTYPES = YES;
				CLANG_WARN_SUSPICIOUS_MOVE = YES;
				CLANG_WARN_UNGUARDED_AVAILABILITY = YES_AGGRESSIVE;
				CLANG_WARN_UNREACHABLE_CODE = YES;
				CLANG_WARN__DUPLICATE_METHOD_MATCH = YES;
				COPY_PHASE_STRIP = NO;
				DEBUG_INFORMATION_FORMAT = "dwarf-with-dsym";
				ENABLE_NS_ASSERTIONS = NO;
				ENABLE_STRICT_OBJC_MSGSEND = YES;
				GCC_C_LANGUAGE_STANDARD = gnu11;
				GCC_NO_COMMON_BLOCKS = YES;
				GCC_WARN_64_TO_32_BIT_CONVERSION = YES;
				GCC_WARN_ABOUT_RETURN_TYPE = YES_ERROR;
				GCC_WARN_UNDECLARED_SELECTOR = YES;
				GCC_WARN_UNINITIALIZED_AUTOS = YES_AGGRESSIVE;
				GCC_WARN_UNUSED_FUNCTION = YES;
				GCC_WARN_UNUSED_VARIABLE = YES;
				IPHONEOS_DEPLOYMENT_TARGET = 16.4;
				MTL_ENABLE_DEBUG_INFO = NO;
				MTL_FAST_MATH = YES;
				SDKROOT = iphoneos;
				SWIFT_COMPILATION_MODE = wholemodule;
				SWIFT_OPTIMIZATION_LEVEL = "-O";
				VALIDATE_PRODUCT = YES;
			};
			name = Release;
		};
		019E2F192A1E8C3B005A8021 /* Debug */ = {
			isa = XCBuildConfiguration;
			buildSettings = {
				ALWAYS_EMBED_SWIFT_STANDARD_LIBRARIES = YES;
				ASSETCATALOG_COMPILER_APPICON_NAME = AppIcon;
				ASSETCATALOG_COMPILER_GLOBAL_ACCENT_COLOR_NAME = AccentColor;
				CODE_SIGN_STYLE = Automatic;
				CURRENT_PROJECT_VERSION = 1;
				DEVELOPMENT_TEAM = NY4EPMGM8S;
				GENERATE_INFOPLIST_FILE = YES;
				INFOPLIST_FILE = RightTyped/Info.plist;
				INFOPLIST_KEY_UIApplicationSupportsIndirectInputEvents = YES;
				INFOPLIST_KEY_UILaunchStoryboardName = LaunchScreen;
				INFOPLIST_KEY_UIMainStoryboardFile = Main;
				INFOPLIST_KEY_UISupportedInterfaceOrientations = "UIInterfaceOrientationPortrait UIInterfaceOrientationPortraitUpsideDown";
				IPHONEOS_DEPLOYMENT_TARGET = 14.0;
				LD_RUNPATH_SEARCH_PATHS = (
					"$(inherited)",
					"@executable_path/Frameworks",
				);
				MARKETING_VERSION = 1.0;
				PRODUCT_BUNDLE_IDENTIFIER = com.vitAndreAS.RightTyped;
				PRODUCT_NAME = "$(TARGET_NAME)";
				SWIFT_EMIT_LOC_STRINGS = YES;
				SWIFT_VERSION = 5.0;
				TARGETED_DEVICE_FAMILY = "1,2";
			};
			name = Debug;
		};
		019E2F1A2A1E8C3B005A8021 /* Release */ = {
			isa = XCBuildConfiguration;
			buildSettings = {
				ALWAYS_EMBED_SWIFT_STANDARD_LIBRARIES = YES;
				ASSETCATALOG_COMPILER_APPICON_NAME = AppIcon;
				ASSETCATALOG_COMPILER_GLOBAL_ACCENT_COLOR_NAME = AccentColor;
				CODE_SIGN_STYLE = Automatic;
				CURRENT_PROJECT_VERSION = 1;
				DEVELOPMENT_TEAM = NY4EPMGM8S;
				GENERATE_INFOPLIST_FILE = YES;
				INFOPLIST_FILE = RightTyped/Info.plist;
				INFOPLIST_KEY_UIApplicationSupportsIndirectInputEvents = YES;
				INFOPLIST_KEY_UILaunchStoryboardName = LaunchScreen;
				INFOPLIST_KEY_UIMainStoryboardFile = Main;
				INFOPLIST_KEY_UISupportedInterfaceOrientations = "UIInterfaceOrientationPortrait UIInterfaceOrientationPortraitUpsideDown";
				IPHONEOS_DEPLOYMENT_TARGET = 14.0;
				LD_RUNPATH_SEARCH_PATHS = (
					"$(inherited)",
					"@executable_path/Frameworks",
				);
				MARKETING_VERSION = 1.0;
				PRODUCT_BUNDLE_IDENTIFIER = com.vitAndreAS.RightTyped;
				PRODUCT_NAME = "$(TARGET_NAME)";
				SWIFT_EMIT_LOC_STRINGS = YES;
				SWIFT_VERSION = 5.0;
				TARGETED_DEVICE_FAMILY = "1,2";
			};
			name = Release;
		};
		019E2F282A1E8EFC005A8021 /* Debug */ = {
			isa = XCBuildConfiguration;
			buildSettings = {
				CODE_SIGN_STYLE = Automatic;
				CURRENT_PROJECT_VERSION = 1;
				DEVELOPMENT_TEAM = NY4EPMGM8S;
				GENERATE_INFOPLIST_FILE = YES;
				INFOPLIST_FILE = "RightTyped-Keyboard/Info.plist";
				INFOPLIST_KEY_CFBundleDisplayName = "RightTyped-Keyboard";
				INFOPLIST_KEY_NSHumanReadableCopyright = "";
				IPHONEOS_DEPLOYMENT_TARGET = 14.0;
				LD_RUNPATH_SEARCH_PATHS = (
					"$(inherited)",
					"@executable_path/Frameworks",
					"@executable_path/../../Frameworks",
				);
				MARKETING_VERSION = 1.0;
				PRODUCT_BUNDLE_IDENTIFIER = "com.vitAndreAS.RightTyped.RightTyped-Keyboard2023";
				PRODUCT_NAME = "$(TARGET_NAME)";
				SKIP_INSTALL = YES;
				SWIFT_EMIT_LOC_STRINGS = YES;
				SWIFT_VERSION = 5.0;
				TARGETED_DEVICE_FAMILY = "1,2";
			};
			name = Debug;
		};
		019E2F292A1E8EFC005A8021 /* Release */ = {
			isa = XCBuildConfiguration;
			buildSettings = {
				CODE_SIGN_STYLE = Automatic;
				CURRENT_PROJECT_VERSION = 1;
				DEVELOPMENT_TEAM = NY4EPMGM8S;
				GENERATE_INFOPLIST_FILE = YES;
				INFOPLIST_FILE = "RightTyped-Keyboard/Info.plist";
				INFOPLIST_KEY_CFBundleDisplayName = "RightTyped-Keyboard";
				INFOPLIST_KEY_NSHumanReadableCopyright = "";
				IPHONEOS_DEPLOYMENT_TARGET = 14.0;
				LD_RUNPATH_SEARCH_PATHS = (
					"$(inherited)",
					"@executable_path/Frameworks",
					"@executable_path/../../Frameworks",
				);
				MARKETING_VERSION = 1.0;
				PRODUCT_BUNDLE_IDENTIFIER = "com.vitAndreAS.RightTyped.RightTyped-Keyboard2023";
				PRODUCT_NAME = "$(TARGET_NAME)";
				SKIP_INSTALL = YES;
				SWIFT_EMIT_LOC_STRINGS = YES;
				SWIFT_VERSION = 5.0;
				TARGETED_DEVICE_FAMILY = "1,2";
			};
			name = Release;
		};
/* End XCBuildConfiguration section */

/* Begin XCConfigurationList section */
		019E2EFF2A1E8C39005A8021 /* Build configuration list for PBXProject "RightTyped" */ = {
			isa = XCConfigurationList;
			buildConfigurations = (
				019E2F162A1E8C3B005A8021 /* Debug */,
				019E2F172A1E8C3B005A8021 /* Release */,
			);
			defaultConfigurationIsVisible = 0;
			defaultConfigurationName = Release;
		};
		019E2F182A1E8C3B005A8021 /* Build configuration list for PBXNativeTarget "RightTyped" */ = {
			isa = XCConfigurationList;
			buildConfigurations = (
				019E2F192A1E8C3B005A8021 /* Debug */,
				019E2F1A2A1E8C3B005A8021 /* Release */,
			);
			defaultConfigurationIsVisible = 0;
			defaultConfigurationName = Release;
		};
		019E2F2A2A1E8EFC005A8021 /* Build configuration list for PBXNativeTarget "RightTyped-Keyboard" */ = {
			isa = XCConfigurationList;
			buildConfigurations = (
				019E2F282A1E8EFC005A8021 /* Debug */,
				019E2F292A1E8EFC005A8021 /* Release */,
			);
			defaultConfigurationIsVisible = 0;
			defaultConfigurationName = Release;
		};
/* End XCConfigurationList section */
	};
	rootObject = 019E2EFC2A1E8C39005A8021 /* Project object */;
}
